
Microsoft Visual Studio Solution File, Format Version 12.00
# Visual Studio Version 16
VisualStudioVersion = 16.0.30406.217
MinimumVisualStudioVersion = 15.0.26124.0
Project("{2150E333-8FDC-42A3-9474-1A3956D46DE8}") = "Issue-003", "Issue-003", "{91895A81-EC47-40E3-9FF8-88033FA90F2F}"
EndProject
Project("{9A19103F-16F7-4668-BE54-9A1E7A4F7556}") = "CharacterFormatLoss", "Issue-003\CharacterFormatLoss\CharacterFormatLoss.csproj", "{25C8F8F6-A16E-427D-A45A-A4DC17BC9A19}"
EndProject
Project("{9A19103F-16F7-4668-BE54-9A1E7A4F7556}") = "DoubleOpenAndSave", "DoubleOpenAndSave\DoubleOpenAndSave.csproj", "{92F54CBD-A73A-4960-B2FD-9EDC2DEADBDF}"
EndProject
Project("{9A19103F-16F7-4668-BE54-9A1E7A4F7556}") = "Xml2DocxBreaksEquation", "Xml2DocxBreaksEquation\Xml2DocxBreaksEquation.csproj", "{C79B4079-0936-4715-BDDB-100D1ACD7E9A}"
EndProject
Project("{2150E333-8FDC-42A3-9474-1A3956D46DE8}") = "Issue-004", "Issue-004", "{C9B53C93-42F8-4C24-AA2A-B1309A23B617}"
EndProject
Project("{FAE04EC0-301F-11D3-BF4B-00C04F79EFBC}") = "EquationFieldCorruption", "Issue-004\EquationFieldCorruption\EquationFieldCorruption.csproj", "{78DFDD1E-CDF7-4F26-B16F-DEF32F781703}"
EndProject
Global
	GlobalSection(SolutionConfigurationPlatforms) = preSolution
		Debug|Any CPU = Debug|Any CPU
		Release|Any CPU = Release|Any CPU
	EndGlobalSection
	GlobalSection(ProjectConfigurationPlatforms) = postSolution
		{25C8F8F6-A16E-427D-A45A-A4DC17BC9A19}.Debug|Any CPU.ActiveCfg = Debug|Any CPU
		{25C8F8F6-A16E-427D-A45A-A4DC17BC9A19}.Debug|Any CPU.Build.0 = Debug|Any CPU
		{25C8F8F6-A16E-427D-A45A-A4DC17BC9A19}.Release|Any CPU.ActiveCfg = Release|Any CPU
		{25C8F8F6-A16E-427D-A45A-A4DC17BC9A19}.Release|Any CPU.Build.0 = Release|Any CPU
		{92F54CBD-A73A-4960-B2FD-9EDC2DEADBDF}.Debug|Any CPU.ActiveCfg = Debug|Any CPU
		{92F54CBD-A73A-4960-B2FD-9EDC2DEADBDF}.Debug|Any CPU.Build.0 = Debug|Any CPU
		{92F54CBD-A73A-4960-B2FD-9EDC2DEADBDF}.Release|Any CPU.ActiveCfg = Release|Any CPU
		{92F54CBD-A73A-4960-B2FD-9EDC2DEADBDF}.Release|Any CPU.Build.0 = Release|Any CPU
		{C79B4079-0936-4715-BDDB-100D1ACD7E9A}.Debug|Any CPU.ActiveCfg = Debug|Any CPU
		{C79B4079-0936-4715-BDDB-100D1ACD7E9A}.Debug|Any CPU.Build.0 = Debug|Any CPU
		{C79B4079-0936-4715-BDDB-100D1ACD7E9A}.Release|Any CPU.ActiveCfg = Release|Any CPU
		{C79B4079-0936-4715-BDDB-100D1ACD7E9A}.Release|Any CPU.Build.0 = Release|Any CPU
		{78DFDD1E-CDF7-4F26-B16F-DEF32F781703}.Debug|Any CPU.ActiveCfg = Debug|Any CPU
		{78DFDD1E-CDF7-4F26-B16F-DEF32F781703}.Debug|Any CPU.Build.0 = Debug|Any CPU
		{78DFDD1E-CDF7-4F26-B16F-DEF32F781703}.Release|Any CPU.ActiveCfg = Release|Any CPU
		{78DFDD1E-CDF7-4F26-B16F-DEF32F781703}.Release|Any CPU.Build.0 = Release|Any CPU
	EndGlobalSection
	GlobalSection(SolutionProperties) = preSolution
		HideSolutionNode = FALSE
	EndGlobalSection
	GlobalSection(NestedProjects) = preSolution
		{25C8F8F6-A16E-427D-A45A-A4DC17BC9A19} = {91895A81-EC47-40E3-9FF8-88033FA90F2F}
		{78DFDD1E-CDF7-4F26-B16F-DEF32F781703} = {C9B53C93-42F8-4C24-AA2A-B1309A23B617}
	EndGlobalSection
	GlobalSection(ExtensibilityGlobals) = postSolution
		SolutionGuid = {CE0F75C5-F10B-4B14-90D3-C86198A0AAB1}
	EndGlobalSection
EndGlobal
