
Microsoft Visual Studio Solution File, Format Version 12.00
# Visual Studio Version 17
VisualStudioVersion = 17.0.31912.275
MinimumVisualStudioVersion = 15.0.26124.0
Project("{2150E333-8FDC-42A3-9474-1A3956D46DE8}") = "Issue-003", "Issue-003", "{91895A81-EC47-40E3-9FF8-88033FA90F2F}"
EndProject
Project("{9A19103F-16F7-4668-BE54-9A1E7A4F7556}") = "CharacterFormatLoss", "Issue-003\CharacterFormatLoss\CharacterFormatLoss.csproj", "{25C8F8F6-A16E-427D-A45A-A4DC17BC9A19}"
EndProject
Project("{9A19103F-16F7-4668-BE54-9A1E7A4F7556}") = "DoubleOpenAndSave", "DoubleOpenAndSave\DoubleOpenAndSave.csproj", "{92F54CBD-A73A-4960-B2FD-9EDC2DEADBDF}"
EndProject
Project("{9A19103F-16F7-4668-BE54-9A1E7A4F7556}") = "Xml2DocxBreaksEquation", "Xml2DocxBreaksEquation\Xml2DocxBreaksEquation.csproj", "{C79B4079-0936-4715-BDDB-100D1ACD7E9A}"
EndProject
Project("{2150E333-8FDC-42A3-9474-1A3956D46DE8}") = "Issue-004", "Issue-004", "{C9B53C93-42F8-4C24-AA2A-B1309A23B617}"
EndProject
Project("{9A19103F-16F7-4668-BE54-9A1E7A4F7556}") = "EquationFieldCorruption", "Issue-004\EquationFieldCorruption\EquationFieldCorruption.csproj", "{78DFDD1E-CDF7-4F26-B16F-DEF32F781703}"
EndProject
Project("{2150E333-8FDC-42A3-9474-1A3956D46DE8}") = "Issue-005", "Issue-005", "{FE0432E4-5485-4605-9049-64C7F904A3E2}"
EndProject
Project("{9A19103F-16F7-4668-BE54-9A1E7A4F7556}") = "EquationBecomesImage", "Issue-005\EquationBecomesImage\EquationBecomesImage.csproj", "{CD01FBCE-785C-406C-85FE-5B8CA3B0F313}"
EndProject
Project("{9A19103F-16F7-4668-BE54-9A1E7A4F7556}") = "Issue-006-MathTypeSaveCorruption", "Issue-006-MathTypeSaveCorruption\Issue-006-MathTypeSaveCorruption.csproj", "{D37EF8CA-8264-4221-BF3E-C43A8B990A38}"
EndProject
Project("{2150E333-8FDC-42A3-9474-1A3956D46DE8}") = "Issue-008", "Issue-008", "{3ED54DA9-8E13-428F-9DBE-5E9A76BCEA80}"
EndProject
Project("{FAE04EC0-301F-11D3-BF4B-00C04F79EFBC}") = "DocEquationDistortion", "Issue-008\DocEquationDistortion\DocEquationDistortion.csproj", "{E724066D-5B6A-4A60-8123-AF887692DAA5}"
Project("{9A19103F-16F7-4668-BE54-9A1E7A4F7556}") = "Issue-009-UpdateTableOfContentNotThreadSafe", "Issue-009-UpdateTableOfContentNotThreadSafe\Issue-009-UpdateTableOfContentNotThreadSafe.csproj", "{BC4D1A81-F265-4256-AA72-30EC8DC8F9C5}"
EndProject
Global
	GlobalSection(SolutionConfigurationPlatforms) = preSolution
		Debug|Any CPU = Debug|Any CPU
		Release|Any CPU = Release|Any CPU
	EndGlobalSection
	GlobalSection(ProjectConfigurationPlatforms) = postSolution
		{25C8F8F6-A16E-427D-A45A-A4DC17BC9A19}.Debug|Any CPU.ActiveCfg = Debug|Any CPU
		{25C8F8F6-A16E-427D-A45A-A4DC17BC9A19}.Debug|Any CPU.Build.0 = Debug|Any CPU
		{25C8F8F6-A16E-427D-A45A-A4DC17BC9A19}.Release|Any CPU.ActiveCfg = Release|Any CPU
		{25C8F8F6-A16E-427D-A45A-A4DC17BC9A19}.Release|Any CPU.Build.0 = Release|Any CPU
		{92F54CBD-A73A-4960-B2FD-9EDC2DEADBDF}.Debug|Any CPU.ActiveCfg = Debug|Any CPU
		{92F54CBD-A73A-4960-B2FD-9EDC2DEADBDF}.Debug|Any CPU.Build.0 = Debug|Any CPU
		{92F54CBD-A73A-4960-B2FD-9EDC2DEADBDF}.Release|Any CPU.ActiveCfg = Release|Any CPU
		{92F54CBD-A73A-4960-B2FD-9EDC2DEADBDF}.Release|Any CPU.Build.0 = Release|Any CPU
		{C79B4079-0936-4715-BDDB-100D1ACD7E9A}.Debug|Any CPU.ActiveCfg = Debug|Any CPU
		{C79B4079-0936-4715-BDDB-100D1ACD7E9A}.Debug|Any CPU.Build.0 = Debug|Any CPU
		{C79B4079-0936-4715-BDDB-100D1ACD7E9A}.Release|Any CPU.ActiveCfg = Release|Any CPU
		{C79B4079-0936-4715-BDDB-100D1ACD7E9A}.Release|Any CPU.Build.0 = Release|Any CPU
		{78DFDD1E-CDF7-4F26-B16F-DEF32F781703}.Debug|Any CPU.ActiveCfg = Debug|Any CPU
		{78DFDD1E-CDF7-4F26-B16F-DEF32F781703}.Debug|Any CPU.Build.0 = Debug|Any CPU
		{78DFDD1E-CDF7-4F26-B16F-DEF32F781703}.Release|Any CPU.ActiveCfg = Release|Any CPU
		{78DFDD1E-CDF7-4F26-B16F-DEF32F781703}.Release|Any CPU.Build.0 = Release|Any CPU
		{CD01FBCE-785C-406C-85FE-5B8CA3B0F313}.Debug|Any CPU.ActiveCfg = Debug|Any CPU
		{CD01FBCE-785C-406C-85FE-5B8CA3B0F313}.Debug|Any CPU.Build.0 = Debug|Any CPU
		{CD01FBCE-785C-406C-85FE-5B8CA3B0F313}.Release|Any CPU.ActiveCfg = Release|Any CPU
		{CD01FBCE-785C-406C-85FE-5B8CA3B0F313}.Release|Any CPU.Build.0 = Release|Any CPU
		{D37EF8CA-8264-4221-BF3E-C43A8B990A38}.Debug|Any CPU.ActiveCfg = Debug|Any CPU
		{D37EF8CA-8264-4221-BF3E-C43A8B990A38}.Debug|Any CPU.Build.0 = Debug|Any CPU
		{D37EF8CA-8264-4221-BF3E-C43A8B990A38}.Release|Any CPU.ActiveCfg = Release|Any CPU
		{D37EF8CA-8264-4221-BF3E-C43A8B990A38}.Release|Any CPU.Build.0 = Release|Any CPU
		{E724066D-5B6A-4A60-8123-AF887692DAA5}.Debug|Any CPU.ActiveCfg = Debug|Any CPU
		{E724066D-5B6A-4A60-8123-AF887692DAA5}.Debug|Any CPU.Build.0 = Debug|Any CPU
		{E724066D-5B6A-4A60-8123-AF887692DAA5}.Release|Any CPU.ActiveCfg = Release|Any CPU
		{E724066D-5B6A-4A60-8123-AF887692DAA5}.Release|Any CPU.Build.0 = Release|Any CPU
		{BC4D1A81-F265-4256-AA72-30EC8DC8F9C5}.Debug|Any CPU.ActiveCfg = Debug|Any CPU
		{BC4D1A81-F265-4256-AA72-30EC8DC8F9C5}.Debug|Any CPU.Build.0 = Debug|Any CPU
		{BC4D1A81-F265-4256-AA72-30EC8DC8F9C5}.Release|Any CPU.ActiveCfg = Release|Any CPU
		{BC4D1A81-F265-4256-AA72-30EC8DC8F9C5}.Release|Any CPU.Build.0 = Release|Any CPU
	EndGlobalSection
	GlobalSection(SolutionProperties) = preSolution
		HideSolutionNode = FALSE
	EndGlobalSection
	GlobalSection(NestedProjects) = preSolution
		{25C8F8F6-A16E-427D-A45A-A4DC17BC9A19} = {91895A81-EC47-40E3-9FF8-88033FA90F2F}
		{78DFDD1E-CDF7-4F26-B16F-DEF32F781703} = {C9B53C93-42F8-4C24-AA2A-B1309A23B617}
		{CD01FBCE-785C-406C-85FE-5B8CA3B0F313} = {FE0432E4-5485-4605-9049-64C7F904A3E2}
		{E724066D-5B6A-4A60-8123-AF887692DAA5} = {3ED54DA9-8E13-428F-9DBE-5E9A76BCEA80}
	EndGlobalSection
	GlobalSection(ExtensibilityGlobals) = postSolution
		SolutionGuid = {CE0F75C5-F10B-4B14-90D3-C86198A0AAB1}
	EndGlobalSection
EndGlobal
